
Microsoft Visual Studio Solution File, Format Version 12.00
# Visual Studio Version 16
VisualStudioVersion = 16.0.30011.22
MinimumVisualStudioVersion = 10.0.40219.1
Project("{FAE04EC0-301F-11D3-BF4B-00C04F79EFBC}") = "IMEPayBinding", "IMEPayBinding\IMEPayBinding.csproj", "{554D7F08-B38A-442E-8AE9-F8C52301E9A0}"
EndProject
Global
	GlobalSection(SolutionConfigurationPlatforms) = preSolution
		Debug|Any CPU = Debug|Any CPU
		Release|Any CPU = Release|Any CPU
	EndGlobalSection
	GlobalSection(ProjectConfigurationPlatforms) = postSolution
		{554D7F08-B38A-442E-8AE9-F8C52301E9A0}.Debug|Any CPU.ActiveCfg = Debug|Any CPU
		{554D7F08-B38A-442E-8AE9-F8C52301E9A0}.Debug|Any CPU.Build.0 = Debug|Any CPU
		{554D7F08-B38A-442E-8AE9-F8C52301E9A0}.Release|Any CPU.ActiveCfg = Release|Any CPU
		{554D7F08-B38A-442E-8AE9-F8C52301E9A0}.Release|Any CPU.Build.0 = Release|Any CPU
	EndGlobalSection
	GlobalSection(SolutionProperties) = preSolution
		HideSolutionNode = FALSE
	EndGlobalSection
	GlobalSection(ExtensibilityGlobals) = postSolution
		SolutionGuid = {42E7C44E-7417-45AC-9B71-9D755938A4D8}
	EndGlobalSection
EndGlobal
